# This file is generated by running "yarn install" inside your project.
# Manual changes might be lost - proceed with caution!

__metadata:
  version: 6

"@lcamel/yarn-test-1@^0.0.1, @lcamel/yarn-test-1@workspace:packages/yarn-test-1":
  version: 0.0.0-use.local
  resolution: "@lcamel/yarn-test-1@workspace:packages/yarn-test-1"
  languageName: unknown
  linkType: soft

"YarnTest@workspace:.":
  version: 0.0.0-use.local
  resolution: "YarnTest@workspace:."
  languageName: unknown
  linkType: soft

"yarn-test-2@workspace:packages/yarn-test-2":
  version: 0.0.0-use.local
  resolution: "yarn-test-2@workspace:packages/yarn-test-2"
  dependencies:
    "@lcamel/yarn-test-1": ^0.0.1
  languageName: unknown
  linkType: soft
